
Microsoft Visual Studio Solution File, Format Version 12.00
# Visual Studio Version 17
VisualStudioVersion = 17.1.32319.34
MinimumVisualStudioVersion = 10.0.40219.1
Project("{2150E333-8FDC-42A3-9474-1A3956D46DE8}") = "1- Apresentacao", "1- Apresentacao", "{D2B77CA6-63DF-452D-9403-0239080AA3A9}"
EndProject
Project("{2150E333-8FDC-42A3-9474-1A3956D46DE8}") = "4- Infra", "4- Infra", "{F11E8986-4A43-4695-A8E5-6574EC151612}"
EndProject
Project("{2150E333-8FDC-42A3-9474-1A3956D46DE8}") = "3- Dominio", "3- Dominio", "{9545A9F7-AF13-4D7E-92B9-7EFF183ED017}"
EndProject
Project("{2150E333-8FDC-42A3-9474-1A3956D46DE8}") = "5- Test", "5- Test", "{0BA6B5EE-61FD-48BD-8999-9B72553CC3A4}"
EndProject
Project("{9A19103F-16F7-4668-BE54-9A1E7A4F7556}") = "Locadora.Dominio", "Dominio.Locadora\Locadora.Dominio.csproj", "{B708888D-FAA7-4A8E-9EAE-5344DD6A0AD6}"
EndProject
Project("{9A19103F-16F7-4668-BE54-9A1E7A4F7556}") = "Locadora.Infra.BancoDados", "Infra.Locadora.BancoDados\Locadora.Infra.BancoDados.csproj", "{B9D810D2-7C67-4BDA-8A06-4E48CBB31124}"
EndProject
Project("{9A19103F-16F7-4668-BE54-9A1E7A4F7556}") = "Locadora.Test.Unit", "Test.Locadora.Unit\Locadora.Test.Unit.csproj", "{44485065-F9A8-44C2-B239-2D5B039272BB}"
EndProject
Project("{2150E333-8FDC-42A3-9474-1A3956D46DE8}") = "Unitario", "Unitario", "{411E9B10-F9A9-4399-8CA9-2A8DAA03E1E7}"
EndProject
Project("{2150E333-8FDC-42A3-9474-1A3956D46DE8}") = "Infra", "Infra", "{C194A439-7EAC-4ADF-97B8-77045D00902E}"
EndProject
Project("{9A19103F-16F7-4668-BE54-9A1E7A4F7556}") = "Locadora.Test.Infra", "Locadora.Test.Infra\Locadora.Test.Infra.csproj", "{CA7BE219-F307-4B6F-B2F5-F72D3B4756C2}"
EndProject
Project("{9A19103F-16F7-4668-BE54-9A1E7A4F7556}") = "Locadora.Apresentacao.WinForm", "Locadora.Apresentacao.WinForm\Locadora.Apresentacao.WinForm.csproj", "{75FB24E5-86EA-48CC-B454-F6CD1C8628DA}"
EndProject
Project("{2150E333-8FDC-42A3-9474-1A3956D46DE8}") = "Solution Items", "Solution Items", "{A9F41334-0328-4737-AFC6-AEA7CA36BE4D}"
	ProjectSection(SolutionItems) = preProject
		Configuração.txt = Configuração.txt
	EndProjectSection
EndProject
Project("{00D1A9C2-B5F0-4AF3-8072-F6C62B433612}") = "Locadora.Infra.Sql", "Locadora.Infra.Sql\Locadora.Infra.Sql.sqlproj", "{D30823E4-5232-4E90-9293-A0BC0BC4C488}"
EndProject
Project("{2150E333-8FDC-42A3-9474-1A3956D46DE8}") = "2- Aplicação", "2- Aplicação", "{2DB62AF0-BB76-4821-A763-A8EC1CBC3644}"
EndProject
Project("{9A19103F-16F7-4668-BE54-9A1E7A4F7556}") = "Locadora.Aplicacao", "Locadora.Aplicacao\Locadora.Aplicacao.csproj", "{D65EB688-854D-4C20-881F-385FFF6A3C66}"
EndProject
Project("{2150E333-8FDC-42A3-9474-1A3956D46DE8}") = "ModuloLog", "ModuloLog", "{CACC36C5-75D0-4512-A4AC-827A99022E5D}"
EndProject
Project("{9A19103F-16F7-4668-BE54-9A1E7A4F7556}") = "Locadora.Infra.Logging", "Locadora.Infra.Logging\Locadora.Infra.Logging.csproj", "{2A1ECA79-AF32-4DC1-9CA6-D02EFA85E754}"
EndProject
Project("{2150E333-8FDC-42A3-9474-1A3956D46DE8}") = "ModuloBancoDados", "ModuloBancoDados", "{5399E3E4-044D-4860-9363-7CEE2EF7DFDA}"
EndProject
Project("{2150E333-8FDC-42A3-9474-1A3956D46DE8}") = "SQL", "SQL", "{F76BEB82-3C18-4FE3-8D33-1099BBF651A7}"
EndProject
Project("{2150E333-8FDC-42A3-9474-1A3956D46DE8}") = "ORM", "ORM", "{83F8BF13-AB23-4A3A-9DDD-77584FA89119}"
EndProject
Project("{9A19103F-16F7-4668-BE54-9A1E7A4F7556}") = "Locadora.Infra.Orm", "Locadora.Infra.Orm\Locadora.Infra.Orm.csproj", "{70C19B90-F057-4024-B2C8-7DEE55E784E0}"
EndProject
Project("{2150E333-8FDC-42A3-9474-1A3956D46DE8}") = "SQL", "SQL", "{AA5310A0-474C-4B66-B5CE-28087A54E1A8}"
EndProject
Project("{2150E333-8FDC-42A3-9474-1A3956D46DE8}") = "ORM EF", "ORM EF", "{70B6D9BB-DF12-42E6-BE78-63115D4B7DB4}"
EndProject
Project("{9A19103F-16F7-4668-BE54-9A1E7A4F7556}") = "Locadora.Test.Infra.Orm", "Locadora.Test.Infra.Orm\Locadora.Test.Infra.Orm.csproj", "{1FD781B6-6F40-4FCE-BE18-321F08868AFC}"
EndProject
Global
	GlobalSection(SolutionConfigurationPlatforms) = preSolution
		Debug|Any CPU = Debug|Any CPU
		Release|Any CPU = Release|Any CPU
	EndGlobalSection
	GlobalSection(ProjectConfigurationPlatforms) = postSolution
		{B708888D-FAA7-4A8E-9EAE-5344DD6A0AD6}.Debug|Any CPU.ActiveCfg = Debug|Any CPU
		{B708888D-FAA7-4A8E-9EAE-5344DD6A0AD6}.Debug|Any CPU.Build.0 = Debug|Any CPU
		{B708888D-FAA7-4A8E-9EAE-5344DD6A0AD6}.Release|Any CPU.ActiveCfg = Release|Any CPU
		{B708888D-FAA7-4A8E-9EAE-5344DD6A0AD6}.Release|Any CPU.Build.0 = Release|Any CPU
		{B9D810D2-7C67-4BDA-8A06-4E48CBB31124}.Debug|Any CPU.ActiveCfg = Debug|Any CPU
		{B9D810D2-7C67-4BDA-8A06-4E48CBB31124}.Debug|Any CPU.Build.0 = Debug|Any CPU
		{B9D810D2-7C67-4BDA-8A06-4E48CBB31124}.Release|Any CPU.ActiveCfg = Release|Any CPU
		{B9D810D2-7C67-4BDA-8A06-4E48CBB31124}.Release|Any CPU.Build.0 = Release|Any CPU
		{44485065-F9A8-44C2-B239-2D5B039272BB}.Debug|Any CPU.ActiveCfg = Debug|Any CPU
		{44485065-F9A8-44C2-B239-2D5B039272BB}.Debug|Any CPU.Build.0 = Debug|Any CPU
		{44485065-F9A8-44C2-B239-2D5B039272BB}.Release|Any CPU.ActiveCfg = Release|Any CPU
		{44485065-F9A8-44C2-B239-2D5B039272BB}.Release|Any CPU.Build.0 = Release|Any CPU
		{CA7BE219-F307-4B6F-B2F5-F72D3B4756C2}.Debug|Any CPU.ActiveCfg = Debug|Any CPU
		{CA7BE219-F307-4B6F-B2F5-F72D3B4756C2}.Debug|Any CPU.Build.0 = Debug|Any CPU
		{CA7BE219-F307-4B6F-B2F5-F72D3B4756C2}.Release|Any CPU.ActiveCfg = Release|Any CPU
		{CA7BE219-F307-4B6F-B2F5-F72D3B4756C2}.Release|Any CPU.Build.0 = Release|Any CPU
		{75FB24E5-86EA-48CC-B454-F6CD1C8628DA}.Debug|Any CPU.ActiveCfg = Debug|Any CPU
		{75FB24E5-86EA-48CC-B454-F6CD1C8628DA}.Debug|Any CPU.Build.0 = Debug|Any CPU
		{75FB24E5-86EA-48CC-B454-F6CD1C8628DA}.Release|Any CPU.ActiveCfg = Release|Any CPU
		{75FB24E5-86EA-48CC-B454-F6CD1C8628DA}.Release|Any CPU.Build.0 = Release|Any CPU
		{D30823E4-5232-4E90-9293-A0BC0BC4C488}.Debug|Any CPU.ActiveCfg = Debug|Any CPU
		{D30823E4-5232-4E90-9293-A0BC0BC4C488}.Debug|Any CPU.Build.0 = Debug|Any CPU
		{D30823E4-5232-4E90-9293-A0BC0BC4C488}.Debug|Any CPU.Deploy.0 = Debug|Any CPU
		{D30823E4-5232-4E90-9293-A0BC0BC4C488}.Release|Any CPU.ActiveCfg = Release|Any CPU
		{D30823E4-5232-4E90-9293-A0BC0BC4C488}.Release|Any CPU.Build.0 = Release|Any CPU
		{D30823E4-5232-4E90-9293-A0BC0BC4C488}.Release|Any CPU.Deploy.0 = Release|Any CPU
		{D65EB688-854D-4C20-881F-385FFF6A3C66}.Debug|Any CPU.ActiveCfg = Debug|Any CPU
		{D65EB688-854D-4C20-881F-385FFF6A3C66}.Debug|Any CPU.Build.0 = Debug|Any CPU
		{D65EB688-854D-4C20-881F-385FFF6A3C66}.Release|Any CPU.ActiveCfg = Release|Any CPU
		{D65EB688-854D-4C20-881F-385FFF6A3C66}.Release|Any CPU.Build.0 = Release|Any CPU
		{2A1ECA79-AF32-4DC1-9CA6-D02EFA85E754}.Debug|Any CPU.ActiveCfg = Debug|Any CPU
		{2A1ECA79-AF32-4DC1-9CA6-D02EFA85E754}.Debug|Any CPU.Build.0 = Debug|Any CPU
		{2A1ECA79-AF32-4DC1-9CA6-D02EFA85E754}.Release|Any CPU.ActiveCfg = Release|Any CPU
		{2A1ECA79-AF32-4DC1-9CA6-D02EFA85E754}.Release|Any CPU.Build.0 = Release|Any CPU
		{70C19B90-F057-4024-B2C8-7DEE55E784E0}.Debug|Any CPU.ActiveCfg = Debug|Any CPU
		{70C19B90-F057-4024-B2C8-7DEE55E784E0}.Debug|Any CPU.Build.0 = Debug|Any CPU
		{70C19B90-F057-4024-B2C8-7DEE55E784E0}.Release|Any CPU.ActiveCfg = Release|Any CPU
		{70C19B90-F057-4024-B2C8-7DEE55E784E0}.Release|Any CPU.Build.0 = Release|Any CPU
		{1FD781B6-6F40-4FCE-BE18-321F08868AFC}.Debug|Any CPU.ActiveCfg = Debug|Any CPU
		{1FD781B6-6F40-4FCE-BE18-321F08868AFC}.Debug|Any CPU.Build.0 = Debug|Any CPU
		{1FD781B6-6F40-4FCE-BE18-321F08868AFC}.Release|Any CPU.ActiveCfg = Release|Any CPU
		{1FD781B6-6F40-4FCE-BE18-321F08868AFC}.Release|Any CPU.Build.0 = Release|Any CPU
	EndGlobalSection
	GlobalSection(SolutionProperties) = preSolution
		HideSolutionNode = FALSE
	EndGlobalSection
	GlobalSection(NestedProjects) = preSolution
		{B708888D-FAA7-4A8E-9EAE-5344DD6A0AD6} = {9545A9F7-AF13-4D7E-92B9-7EFF183ED017}
		{B9D810D2-7C67-4BDA-8A06-4E48CBB31124} = {F76BEB82-3C18-4FE3-8D33-1099BBF651A7}
		{44485065-F9A8-44C2-B239-2D5B039272BB} = {411E9B10-F9A9-4399-8CA9-2A8DAA03E1E7}
		{411E9B10-F9A9-4399-8CA9-2A8DAA03E1E7} = {0BA6B5EE-61FD-48BD-8999-9B72553CC3A4}
		{C194A439-7EAC-4ADF-97B8-77045D00902E} = {0BA6B5EE-61FD-48BD-8999-9B72553CC3A4}
		{CA7BE219-F307-4B6F-B2F5-F72D3B4756C2} = {AA5310A0-474C-4B66-B5CE-28087A54E1A8}
		{75FB24E5-86EA-48CC-B454-F6CD1C8628DA} = {D2B77CA6-63DF-452D-9403-0239080AA3A9}
		{D30823E4-5232-4E90-9293-A0BC0BC4C488} = {F76BEB82-3C18-4FE3-8D33-1099BBF651A7}
		{D65EB688-854D-4C20-881F-385FFF6A3C66} = {2DB62AF0-BB76-4821-A763-A8EC1CBC3644}
		{CACC36C5-75D0-4512-A4AC-827A99022E5D} = {F11E8986-4A43-4695-A8E5-6574EC151612}
		{2A1ECA79-AF32-4DC1-9CA6-D02EFA85E754} = {CACC36C5-75D0-4512-A4AC-827A99022E5D}
		{5399E3E4-044D-4860-9363-7CEE2EF7DFDA} = {F11E8986-4A43-4695-A8E5-6574EC151612}
		{F76BEB82-3C18-4FE3-8D33-1099BBF651A7} = {5399E3E4-044D-4860-9363-7CEE2EF7DFDA}
		{83F8BF13-AB23-4A3A-9DDD-77584FA89119} = {5399E3E4-044D-4860-9363-7CEE2EF7DFDA}
		{70C19B90-F057-4024-B2C8-7DEE55E784E0} = {83F8BF13-AB23-4A3A-9DDD-77584FA89119}
		{AA5310A0-474C-4B66-B5CE-28087A54E1A8} = {C194A439-7EAC-4ADF-97B8-77045D00902E}
		{70B6D9BB-DF12-42E6-BE78-63115D4B7DB4} = {C194A439-7EAC-4ADF-97B8-77045D00902E}
		{1FD781B6-6F40-4FCE-BE18-321F08868AFC} = {70B6D9BB-DF12-42E6-BE78-63115D4B7DB4}
	EndGlobalSection
	GlobalSection(ExtensibilityGlobals) = postSolution
		SolutionGuid = {01E79C3F-2CB8-449E-8FCE-BAC8C24FCF7A}
	EndGlobalSection
EndGlobal
